
Microsoft Visual Studio Solution File, Format Version 12.00
# Visual Studio Version 16
VisualStudioVersion = 16.0.31424.327
MinimumVisualStudioVersion = 10.0.40219.1
Project("{FAE04EC0-301F-11D3-BF4B-00C04F79EFBC}") = "feladat9", "feladat9.csproj", "{3182A081-5597-4349-9FDC-47DA485D3412}"
EndProject
Global
	GlobalSection(SolutionConfigurationPlatforms) = preSolution
		Debug|Any CPU = Debug|Any CPU
		Release|Any CPU = Release|Any CPU
	EndGlobalSection
	GlobalSection(ProjectConfigurationPlatforms) = postSolution
		{3182A081-5597-4349-9FDC-47DA485D3412}.Debug|Any CPU.ActiveCfg = Debug|Any CPU
		{3182A081-5597-4349-9FDC-47DA485D3412}.Debug|Any CPU.Build.0 = Debug|Any CPU
		{3182A081-5597-4349-9FDC-47DA485D3412}.Release|Any CPU.ActiveCfg = Release|Any CPU
		{3182A081-5597-4349-9FDC-47DA485D3412}.Release|Any CPU.Build.0 = Release|Any CPU
	EndGlobalSection
	GlobalSection(SolutionProperties) = preSolution
		HideSolutionNode = FALSE
	EndGlobalSection
	GlobalSection(ExtensibilityGlobals) = postSolution
		SolutionGuid = {5D27FF9E-B533-4794-8ED9-DFFA9FB54A2B}
	EndGlobalSection
EndGlobal
