
Microsoft Visual Studio Solution File, Format Version 12.00
# Visual Studio Version 17
VisualStudioVersion = 17.0.32126.317
MinimumVisualStudioVersion = 10.0.40219.1
Project("{FAE04EC0-301F-11D3-BF4B-00C04F79EFBC}") = "feladat6", "feladat6.csproj", "{8610CC83-7D6C-4AED-8C93-A288C470576F}"
EndProject
Global
	GlobalSection(SolutionConfigurationPlatforms) = preSolution
		Debug|Any CPU = Debug|Any CPU
		Release|Any CPU = Release|Any CPU
	EndGlobalSection
	GlobalSection(ProjectConfigurationPlatforms) = postSolution
		{8610CC83-7D6C-4AED-8C93-A288C470576F}.Debug|Any CPU.ActiveCfg = Debug|Any CPU
		{8610CC83-7D6C-4AED-8C93-A288C470576F}.Debug|Any CPU.Build.0 = Debug|Any CPU
		{8610CC83-7D6C-4AED-8C93-A288C470576F}.Release|Any CPU.ActiveCfg = Release|Any CPU
		{8610CC83-7D6C-4AED-8C93-A288C470576F}.Release|Any CPU.Build.0 = Release|Any CPU
	EndGlobalSection
	GlobalSection(SolutionProperties) = preSolution
		HideSolutionNode = FALSE
	EndGlobalSection
	GlobalSection(ExtensibilityGlobals) = postSolution
		SolutionGuid = {6BEEC055-C01F-4960-BBCB-09A73891391B}
	EndGlobalSection
EndGlobal
